
Microsoft Visual Studio Solution File, Format Version 12.00
# Visual Studio Version 17
VisualStudioVersion = 17.9.34723.18
MinimumVisualStudioVersion = 10.0.40219.1
Project("{FAE04EC0-301F-11D3-BF4B-00C04F79EFBC}") = "Scheduler.Domain", "Scheduler\Scheduler.Domain\Scheduler.Domain.csproj", "{3C21B629-57E9-4188-9750-648512380E70}"
EndProject
Project("{FAE04EC0-301F-11D3-BF4B-00C04F79EFBC}") = "Scheduler.Infrastructure", "Scheduler\Scheduler.Infrastructure\Scheduler.Infrastructure.csproj", "{5C7725ED-C07F-4C06-A7F6-F7BC7112820F}"
EndProject
Project("{FAE04EC0-301F-11D3-BF4B-00C04F79EFBC}") = "Scheduler.Web", "Scheduler\Scheduler.Web\Scheduler.Web.csproj", "{351CEB2F-9EA5-44F5-84F2-A1D21D25BDA9}"
EndProject
Global
	GlobalSection(SolutionConfigurationPlatforms) = preSolution
		Debug|Any CPU = Debug|Any CPU
		Release|Any CPU = Release|Any CPU
	EndGlobalSection
	GlobalSection(ProjectConfigurationPlatforms) = postSolution
		{3C21B629-57E9-4188-9750-648512380E70}.Debug|Any CPU.ActiveCfg = Debug|Any CPU
		{3C21B629-57E9-4188-9750-648512380E70}.Debug|Any CPU.Build.0 = Debug|Any CPU
		{3C21B629-57E9-4188-9750-648512380E70}.Release|Any CPU.ActiveCfg = Release|Any CPU
		{3C21B629-57E9-4188-9750-648512380E70}.Release|Any CPU.Build.0 = Release|Any CPU
		{5C7725ED-C07F-4C06-A7F6-F7BC7112820F}.Debug|Any CPU.ActiveCfg = Debug|Any CPU
		{5C7725ED-C07F-4C06-A7F6-F7BC7112820F}.Debug|Any CPU.Build.0 = Debug|Any CPU
		{5C7725ED-C07F-4C06-A7F6-F7BC7112820F}.Release|Any CPU.ActiveCfg = Release|Any CPU
		{5C7725ED-C07F-4C06-A7F6-F7BC7112820F}.Release|Any CPU.Build.0 = Release|Any CPU
		{351CEB2F-9EA5-44F5-84F2-A1D21D25BDA9}.Debug|Any CPU.ActiveCfg = Debug|Any CPU
		{351CEB2F-9EA5-44F5-84F2-A1D21D25BDA9}.Debug|Any CPU.Build.0 = Debug|Any CPU
		{351CEB2F-9EA5-44F5-84F2-A1D21D25BDA9}.Release|Any CPU.ActiveCfg = Release|Any CPU
		{351CEB2F-9EA5-44F5-84F2-A1D21D25BDA9}.Release|Any CPU.Build.0 = Release|Any CPU
	EndGlobalSection
	GlobalSection(SolutionProperties) = preSolution
		HideSolutionNode = FALSE
	EndGlobalSection
	GlobalSection(ExtensibilityGlobals) = postSolution
		SolutionGuid = {CF2D82B8-3842-4B46-BFA9-D4A0D76EA6E6}
	EndGlobalSection
EndGlobal
